
Microsoft Visual Studio Solution File, Format Version 12.00
# Visual Studio 15
Project("{FAE04EC0-301F-11D3-BF4B-00C04F79EFBC}") = "api", "api.csproj", "{A12A7B87-6D79-46C5-8176-EE170BEA7AEB}"
EndProject
Global
	GlobalSection(SolutionConfigurationPlatforms) = preSolution
		Debug|Any CPU = Debug|Any CPU
		Release|Any CPU = Release|Any CPU
	EndGlobalSection
	GlobalSection(ProjectConfigurationPlatforms) = postSolution
		{A12A7B87-6D79-46C5-8176-EE170BEA7AEB}.Debug|Any CPU.ActiveCfg = Debug|Any CPU
		{A12A7B87-6D79-46C5-8176-EE170BEA7AEB}.Debug|Any CPU.Build.0 = Debug|Any CPU
		{A12A7B87-6D79-46C5-8176-EE170BEA7AEB}.Release|Any CPU.ActiveCfg = Release|Any CPU
		{A12A7B87-6D79-46C5-8176-EE170BEA7AEB}.Release|Any CPU.Build.0 = Release|Any CPU
	EndGlobalSection
EndGlobal
